{
    "_meta": {
        "hash": {
            "sha256": "85c5847519ad4e308ff251a1dd22bf89ca4525ef451a00280b5ef6421042b3f0"
        },
        "pipfile-spec": 6,
        "requires": {
            "python_version": "3.6"
        },
        "sources": [
            {
                "name": "pypi",
                "url": "https://pypi.org/simple",
                "verify_ssl": true
            }
        ]
    },
    "default": {
        "pymysql": {
            "hashes": [
                "sha256:3943fbbbc1e902f41daf7f9165519f140c4451c179380677e6a848587042561a",
                "sha256:d8c059dcd81dedb85a9f034d5e22dcb4442c0b201908bede99e306d65ea7c8e7"
            ],
            "index": "pypi",
            "version": "==0.9.3"
        },
        "sqlalchemy": {
            "hashes": [
                "sha256:781fb7b9d194ed3fc596b8f0dd4623ff160e3e825dd8c15472376a438c19598b"
            ],
            "index": "pypi",
            "version": "==1.3.1"
        }
    },
    "develop": {}
}
